
Microsoft Visual Studio Solution File, Format Version 12.00
# Visual Studio Version 17
VisualStudioVersion = 17.0.31903.59
MinimumVisualStudioVersion = 10.0.40219.1
Project("{FAE04EC0-301F-11D3-BF4B-00C04F79EFBC}") = "01_Enumerable", "01_Enumerable\01_Enumerable.csproj", "{A93F005B-97B9-47C1-9223-56A43387808B}"
EndProject
Project("{FAE04EC0-301F-11D3-BF4B-00C04F79EFBC}") = "SeedGenerator", "SeedGenerator\SeedGenerator.csproj", "{21B42EC8-6583-4A59-B646-8DDC402893C1}"
EndProject
Project("{FAE04EC0-301F-11D3-BF4B-00C04F79EFBC}") = "02_Tasks", "02_Tasks\02_Tasks.csproj", "{BB0D7CDC-1D88-49EF-BC2D-A38A0F0742CB}"
EndProject
Global
	GlobalSection(SolutionConfigurationPlatforms) = preSolution
		Debug|Any CPU = Debug|Any CPU
		Release|Any CPU = Release|Any CPU
	EndGlobalSection
	GlobalSection(SolutionProperties) = preSolution
		HideSolutionNode = FALSE
	EndGlobalSection
	GlobalSection(ProjectConfigurationPlatforms) = postSolution
		{CDD6E4F3-3B22-4EB8-ADDC-922DF06297E3}.Debug|Any CPU.ActiveCfg = Debug|Any CPU
		{CDD6E4F3-3B22-4EB8-ADDC-922DF06297E3}.Debug|Any CPU.Build.0 = Debug|Any CPU
		{CDD6E4F3-3B22-4EB8-ADDC-922DF06297E3}.Release|Any CPU.ActiveCfg = Release|Any CPU
		{CDD6E4F3-3B22-4EB8-ADDC-922DF06297E3}.Release|Any CPU.Build.0 = Release|Any CPU
		{A93F005B-97B9-47C1-9223-56A43387808B}.Debug|Any CPU.ActiveCfg = Debug|Any CPU
		{A93F005B-97B9-47C1-9223-56A43387808B}.Debug|Any CPU.Build.0 = Debug|Any CPU
		{A93F005B-97B9-47C1-9223-56A43387808B}.Release|Any CPU.ActiveCfg = Release|Any CPU
		{A93F005B-97B9-47C1-9223-56A43387808B}.Release|Any CPU.Build.0 = Release|Any CPU
		{21B42EC8-6583-4A59-B646-8DDC402893C1}.Debug|Any CPU.ActiveCfg = Debug|Any CPU
		{21B42EC8-6583-4A59-B646-8DDC402893C1}.Debug|Any CPU.Build.0 = Debug|Any CPU
		{21B42EC8-6583-4A59-B646-8DDC402893C1}.Release|Any CPU.ActiveCfg = Release|Any CPU
		{21B42EC8-6583-4A59-B646-8DDC402893C1}.Release|Any CPU.Build.0 = Release|Any CPU
		{BB0D7CDC-1D88-49EF-BC2D-A38A0F0742CB}.Debug|Any CPU.ActiveCfg = Debug|Any CPU
		{BB0D7CDC-1D88-49EF-BC2D-A38A0F0742CB}.Debug|Any CPU.Build.0 = Debug|Any CPU
		{BB0D7CDC-1D88-49EF-BC2D-A38A0F0742CB}.Release|Any CPU.ActiveCfg = Release|Any CPU
		{BB0D7CDC-1D88-49EF-BC2D-A38A0F0742CB}.Release|Any CPU.Build.0 = Release|Any CPU
	EndGlobalSection
EndGlobal
